github.com/expr-lang/expr v1.17.7 h1:Q0xY/e/2aCIp8g9s/LGvMDCC5PxYlvHgDZRQ4y16JX8=
github.com/expr-lang/expr v1.17.7/go.mod h1:8/vRC7+7HBzESEqt5kKpYXxrxkr31SaO8r40VO/1IT4=
github.com/go-chi/chi/v5 v5.2.4 h1:WtFKPHwlywe8Srng8j2BhOD9312j9cGUxG1SP4V2cR4=
github.com/go-chi/chi/v5 v5.2.4/go.mod h1:X7Gx4mteadT3eDOMTsXzmI4/rwUpOwBHLpAfupzFJP0=
github.com/oklog/ulid/v2 v2.1.1 h1:suPZ4ARWLOJLegGFiZZ1dFAkqzhMjL3J1TzI+5wHz8s=
github.com/oklog/ulid/v2 v2.1.1/go.mod h1:rcEKHmBBKfef9DhnvX7y1HZBYxjXb0cP5ExxNsTT1QQ=
github.com/pborman/getopt v0.0.0-20170112200414-7148bc3a4c30/go.mod h1:85jBQOZwpVEaDAr341tbn15RS4fCAsIst0qp7i8ex1o=
github.com/titpetric/lessgo v0.0.2 h1:zXXTcQWFHOd92C49pHmc0MYfPp7LEzSDCm8dESFeFNk=
github.com/titpetric/lessgo v0.0.2/go.mod h1:VKjDECI8RxTqRmbBRi4y1rAyldGAHuiZohAHGGkTo6g=
github.com/titpetric/lessgo v0.1.0 h1:TrssCXiQPw3zZ4qIzVg7wytZXQz7ir3mGv6LYDzeVj0=
github.com/titpetric/lessgo v0.1.0/go.mod h1:VKjDECI8RxTqRmbBRi4y1rAyldGAHuiZohAHGGkTo6g=
github.com/titpetric/vuego v0.6.1 h1:9qlJ/G/CMsI67kUIXSFruBY9No2wV+Jhu5XGMa/OFt4=
github.com/titpetric/vuego v0.6.1/go.mod h1:5NcqzxVU99yoymsNKLvr6a6Bb0zaeGlsBlL/VGbaXKI=
golang.org/x/net v0.48.0 h1:zyQRTTrjc33Lhh0fBgT/H3oZq9WuvRR5gPC70xpDiQU=
golang.org/x/net v0.48.0/go.mod h1:+ndRgGjkh8FGtu1w1FGbEC31if4VrNVMuKTgcAAnQRY=
golang.org/x/net v0.49.0 h1:eeHFmOGUTtaaPSGNmjBKpbng9MulQsJURQUAfUwY++o=
golang.org/x/net v0.49.0/go.mod h1:/ysNB2EvaqvesRkuLAyjI1ycPZlQHM3q01F02UY/MV8=
gopkg.in/check.v1 v0.0.0-20161208181325-20d25e280405/go.mod h1:Co6ibVJAznAaIkqp8huTwlJQCZ016jof/cbN4VW5Yz0=
gopkg.in/yaml.v3 v3.0.1 h1:fxVm/GzAzEWqLHuvctI91KS9hhNmmWOoWu0XTYJS7CA=
gopkg.in/yaml.v3 v3.0.1/go.mod h1:K4uyk7z7BCEPqu6E+C64Yfv1cQ7kz7rIZviUmN+EgEM=
